// !$*UTF8*$!
{
	archiveVersion = 1;
	classes = {
	};
	objectVersion = 46;
	objects = {

/* Begin PBXBuildFile section */
		2B1D33331D93BC6F0066CB6A /* CurrentListViewController.swift in Sources */ = {isa = PBXBuildFile; fileRef = 2B1D33321D93BC6F0066CB6A /* CurrentListViewController.swift */; };
		2B21EE9B1DA4DC7A00CFCB90 /* OptionsMenu.swift in Sources */ = {isa = PBXBuildFile; fileRef = 2B21EE9A1DA4DC7A00CFCB90 /* OptionsMenu.swift */; };
		2B24D07E1DA2657200E1DBD6 /* Checkbox.swift in Sources */ = {isa = PBXBuildFile; fileRef = 2B24D07D1DA2657200E1DBD6 /* Checkbox.swift */; };
		2BD990C21D9123DE00C24899 /* AppDelegate.swift in Sources */ = {isa = PBXBuildFile; fileRef = 2BD990C11D9123DE00C24899 /* AppDelegate.swift */; };
		2BD990C41D9123DE00C24899 /* ViewController.swift in Sources */ = {isa = PBXBuildFile; fileRef = 2BD990C31D9123DE00C24899 /* ViewController.swift */; };
		2BD990C71D9123DE00C24899 /* Main.storyboard in Resources */ = {isa = PBXBuildFile; fileRef = 2BD990C51D9123DE00C24899 /* Main.storyboard */; };
		2BD990C91D9123DE00C24899 /* Assets.xcassets in Resources */ = {isa = PBXBuildFile; fileRef = 2BD990C81D9123DE00C24899 /* Assets.xcassets */; };
		2BD990CC1D9123DE00C24899 /* LaunchScreen.storyboard in Resources */ = {isa = PBXBuildFile; fileRef = 2BD990CA1D9123DE00C24899 /* LaunchScreen.storyboard */; };
		2BD990D41D91247E00C24899 /* Item.swift in Sources */ = {isa = PBXBuildFile; fileRef = 2BD990D31D91247E00C24899 /* Item.swift */; };
		2BD990D61D91249A00C24899 /* ShoppingList.swift in Sources */ = {isa = PBXBuildFile; fileRef = 2BD990D51D91249A00C24899 /* ShoppingList.swift */; };
		2BD990D81D9124B500C24899 /* UsedItem.swift in Sources */ = {isa = PBXBuildFile; fileRef = 2BD990D71D9124B500C24899 /* UsedItem.swift */; };
		2BD990DA1D91252800C24899 /* ItemCalculations.swift in Sources */ = {isa = PBXBuildFile; fileRef = 2BD990D91D91252800C24899 /* ItemCalculations.swift */; };
/* End PBXBuildFile section */

/* Begin PBXFileReference section */
		2B1D33321D93BC6F0066CB6A /* CurrentListViewController.swift */ = {isa = PBXFileReference; fileEncoding = 4; lastKnownFileType = sourcecode.swift; path = CurrentListViewController.swift; sourceTree = "<group>"; };
		2B21EE9A1DA4DC7A00CFCB90 /* OptionsMenu.swift */ = {isa = PBXFileReference; fileEncoding = 4; lastKnownFileType = sourcecode.swift; path = OptionsMenu.swift; sourceTree = "<group>"; };
		2B24D07D1DA2657200E1DBD6 /* Checkbox.swift */ = {isa = PBXFileReference; fileEncoding = 4; lastKnownFileType = sourcecode.swift; path = Checkbox.swift; sourceTree = "<group>"; };
		2BD990BE1D9123DE00C24899 /* My Shopping List.app */ = {isa = PBXFileReference; explicitFileType = wrapper.application; includeInIndex = 0; path = "My Shopping List.app"; sourceTree = BUILT_PRODUCTS_DIR; };
		2BD990C11D9123DE00C24899 /* AppDelegate.swift */ = {isa = PBXFileReference; lastKnownFileType = sourcecode.swift; path = AppDelegate.swift; sourceTree = "<group>"; };
		2BD990C31D9123DE00C24899 /* ViewController.swift */ = {isa = PBXFileReference; lastKnownFileType = sourcecode.swift; path = ViewController.swift; sourceTree = "<group>"; };
		2BD990C61D9123DE00C24899 /* Base */ = {isa = PBXFileReference; lastKnownFileType = file.storyboard; name = Base; path = Base.lproj/Main.storyboard; sourceTree = "<group>"; };
		2BD990C81D9123DE00C24899 /* Assets.xcassets */ = {isa = PBXFileReference; lastKnownFileType = folder.assetcatalog; path = Assets.xcassets; sourceTree = "<group>"; };
		2BD990CB1D9123DE00C24899 /* Base */ = {isa = PBXFileReference; lastKnownFileType = file.storyboard; name = Base; path = Base.lproj/LaunchScreen.storyboard; sourceTree = "<group>"; };
		2BD990CD1D9123DE00C24899 /* Info.plist */ = {isa = PBXFileReference; lastKnownFileType = text.plist.xml; path = Info.plist; sourceTree = "<group>"; };
		2BD990D31D91247E00C24899 /* Item.swift */ = {isa = PBXFileReference; fileEncoding = 4; lastKnownFileType = sourcecode.swift; path = Item.swift; sourceTree = "<group>"; };
		2BD990D51D91249A00C24899 /* ShoppingList.swift */ = {isa = PBXFileReference; fileEncoding = 4; lastKnownFileType = sourcecode.swift; path = ShoppingList.swift; sourceTree = "<group>"; };
		2BD990D71D9124B500C24899 /* UsedItem.swift */ = {isa = PBXFileReference; fileEncoding = 4; lastKnownFileType = sourcecode.swift; path = UsedItem.swift; sourceTree = "<group>"; };
		2BD990D91D91252800C24899 /* ItemCalculations.swift */ = {isa = PBXFileReference; fileEncoding = 4; lastKnownFileType = sourcecode.swift; path = ItemCalculations.swift; sourceTree = "<group>"; };
/* End PBXFileReference section */

/* Begin PBXFrameworksBuildPhase section */
		2BD990BB1D9123DE00C24899 /* Frameworks */ = {
			isa = PBXFrameworksBuildPhase;
			buildActionMask = 2147483647;
			files = (
			);
			runOnlyForDeploymentPostprocessing = 0;
		};
/* End PBXFrameworksBuildPhase section */

/* Begin PBXGroup section */
		2BD990B51D9123DE00C24899 = {
			isa = PBXGroup;
			children = (
				2BD990C01D9123DE00C24899 /* My Shopping List */,
				2BD990BF1D9123DE00C24899 /* Products */,
			);
			sourceTree = "<group>";
		};
		2BD990BF1D9123DE00C24899 /* Products */ = {
			isa = PBXGroup;
			children = (
				2BD990BE1D9123DE00C24899 /* My Shopping List.app */,
			);
			name = Products;
			sourceTree = "<group>";
		};
		2BD990C01D9123DE00C24899 /* My Shopping List */ = {
			isa = PBXGroup;
			children = (
				2BD990C11D9123DE00C24899 /* AppDelegate.swift */,
				2BD990C31D9123DE00C24899 /* ViewController.swift */,
				2BD990C51D9123DE00C24899 /* Main.storyboard */,
				2BD990C81D9123DE00C24899 /* Assets.xcassets */,
				2BD990CA1D9123DE00C24899 /* LaunchScreen.storyboard */,
				2BD990CD1D9123DE00C24899 /* Info.plist */,
				2BD990D31D91247E00C24899 /* Item.swift */,
				2BD990D51D91249A00C24899 /* ShoppingList.swift */,
				2BD990D71D9124B500C24899 /* UsedItem.swift */,
				2BD990D91D91252800C24899 /* ItemCalculations.swift */,
				2B1D33321D93BC6F0066CB6A /* CurrentListViewController.swift */,
				2B24D07D1DA2657200E1DBD6 /* Checkbox.swift */,
				2B21EE9A1DA4DC7A00CFCB90 /* OptionsMenu.swift */,
			);
			path = "My Shopping List";
			sourceTree = "<group>";
		};
/* End PBXGroup section */

/* Begin PBXNativeTarget section */
		2BD990BD1D9123DE00C24899 /* My Shopping List */ = {
			isa = PBXNativeTarget;
			buildConfigurationList = 2BD990D01D9123DE00C24899 /* Build configuration list for PBXNativeTarget "My Shopping List" */;
			buildPhases = (
				2BD990BA1D9123DE00C24899 /* Sources */,
				2BD990BB1D9123DE00C24899 /* Frameworks */,
				2BD990BC1D9123DE00C24899 /* Resources */,
			);
			buildRules = (
			);
			dependencies = (
			);
			name = "My Shopping List";
			productName = "My Shopping List";
			productReference = 2BD990BE1D9123DE00C24899 /* My Shopping List.app */;
			productType = "com.apple.product-type.application";
		};
/* End PBXNativeTarget section */

/* Begin PBXProject section */
		2BD990B61D9123DE00C24899 /* Project object */ = {
			isa = PBXProject;
			attributes = {
				LastSwiftUpdateCheck = 0800;
				LastUpgradeCheck = 0800;
				ORGANIZATIONNAME = "Zhanna Libman";
				TargetAttributes = {
					2BD990BD1D9123DE00C24899 = {
						CreatedOnToolsVersion = 8.0;
						ProvisioningStyle = Automatic;
					};
				};
			};
			buildConfigurationList = 2BD990B91D9123DE00C24899 /* Build configuration list for PBXProject "My Shopping List" */;
			compatibilityVersion = "Xcode 3.2";
			developmentRegion = English;
			hasScannedForEncodings = 0;
			knownRegions = (
				en,
				Base,
			);
			mainGroup = 2BD990B51D9123DE00C24899;
			productRefGroup = 2BD990BF1D9123DE00C24899 /* Products */;
			projectDirPath = "";
			projectRoot = "";
			targets = (
				2BD990BD1D9123DE00C24899 /* My Shopping List */,
			);
		};
/* End PBXProject section */

/* Begin PBXResourcesBuildPhase section */
		2BD990BC1D9123DE00C24899 /* Resources */ = {
			isa = PBXResourcesBuildPhase;
			buildActionMask = 2147483647;
			files = (
				2BD990CC1D9123DE00C24899 /* LaunchScreen.storyboard in Resources */,
				2BD990C91D9123DE00C24899 /* Assets.xcassets in Resources */,
				2BD990C71D9123DE00C24899 /* Main.storyboard in Resources */,
			);
			runOnlyForDeploymentPostprocessing = 0;
		};
/* End PBXResourcesBuildPhase section */

/* Begin PBXSourcesBuildPhase section */
		2BD990BA1D9123DE00C24899 /* Sources */ = {
			isa = PBXSourcesBuildPhase;
			buildActionMask = 2147483647;
			files = (
				2B24D07E1DA2657200E1DBD6 /* Checkbox.swift in Sources */,
				2BD990DA1D91252800C24899 /* ItemCalculations.swift in Sources */,
				2BD990C41D9123DE00C24899 /* ViewController.swift in Sources */,
				2BD990D41D91247E00C24899 /* Item.swift in Sources */,
				2BD990D61D91249A00C24899 /* ShoppingList.swift in Sources */,
				2B1D33331D93BC6F0066CB6A /* CurrentListViewController.swift in Sources */,
				2BD990D81D9124B500C24899 /* UsedItem.swift in Sources */,
				2B21EE9B1DA4DC7A00CFCB90 /* OptionsMenu.swift in Sources */,
				2BD990C21D9123DE00C24899 /* AppDelegate.swift in Sources */,
			);
			runOnlyForDeploymentPostprocessing = 0;
		};
/* End PBXSourcesBuildPhase section */

/* Begin PBXVariantGroup section */
		2BD990C51D9123DE00C24899 /* Main.storyboard */ = {
			isa = PBXVariantGroup;
			children = (
				2BD990C61D9123DE00C24899 /* Base */,
			);
			name = Main.storyboard;
			sourceTree = "<group>";
		};
		2BD990CA1D9123DE00C24899 /* LaunchScreen.storyboard */ = {
			isa = PBXVariantGroup;
			children = (
				2BD990CB1D9123DE00C24899 /* Base */,
			);
			name = LaunchScreen.storyboard;
			sourceTree = "<group>";
		};
/* End PBXVariantGroup section */

/* Begin XCBuildConfiguration section */
		2BD990CE1D9123DE00C24899 /* Debug */ = {
			isa = XCBuildConfiguration;
			buildSettings = {
				ALWAYS_SEARCH_USER_PATHS = NO;
				CLANG_ANALYZER_NONNULL = YES;
				CLANG_CXX_LANGUAGE_STANDARD = "gnu++0x";
				CLANG_CXX_LIBRARY = "libc++";
				CLANG_ENABLE_MODULES = YES;
				CLANG_ENABLE_OBJC_ARC = YES;
				CLANG_WARN_BOOL_CONVERSION = YES;
				CLANG_WARN_CONSTANT_CONVERSION = YES;
				CLANG_WARN_DIRECT_OBJC_ISA_USAGE = YES_ERROR;
				CLANG_WARN_DOCUMENTATION_COMMENTS = YES;
				CLANG_WARN_EMPTY_BODY = YES;
				CLANG_WARN_ENUM_CONVERSION = YES;
				CLANG_WARN_INFINITE_RECURSION = YES;
				CLANG_WARN_INT_CONVERSION = YES;
				CLANG_WARN_OBJC_ROOT_CLASS = YES_ERROR;
				CLANG_WARN_SUSPICIOUS_MOVES = YES;
				CLANG_WARN_UNREACHABLE_CODE = YES;
				CLANG_WARN__DUPLICATE_METHOD_MATCH = YES;
				"CODE_SIGN_IDENTITY[sdk=iphoneos*]" = "iPhone Developer";
				COPY_PHASE_STRIP = NO;
				DEBUG_INFORMATION_FORMAT = dwarf;
				ENABLE_STRICT_OBJC_MSGSEND = YES;
				ENABLE_TESTABILITY = YES;
				GCC_C_LANGUAGE_STANDARD = gnu99;
				GCC_DYNAMIC_NO_PIC = NO;
				GCC_NO_COMMON_BLOCKS = YES;
				GCC_OPTIMIZATION_LEVEL = 0;
				GCC_PREPROCESSOR_DEFINITIONS = (
					"DEBUG=1",
					"$(inherited)",
				);
				GCC_WARN_64_TO_32_BIT_CONVERSION = YES;
				GCC_WARN_ABOUT_RETURN_TYPE = YES_ERROR;
				GCC_WARN_UNDECLARED_SELECTOR = YES;
				GCC_WARN_UNINITIALIZED_AUTOS = YES_AGGRESSIVE;
				GCC_WARN_UNUSED_FUNCTION = YES;
				GCC_WARN_UNUSED_VARIABLE = YES;
				IPHONEOS_DEPLOYMENT_TARGET = 10.0;
				MTL_ENABLE_DEBUG_INFO = YES;
				ONLY_ACTIVE_ARCH = YES;
				SDKROOT = iphoneos;
				SWIFT_ACTIVE_COMPILATION_CONDITIONS = DEBUG;
				SWIFT_OPTIMIZATION_LEVEL = "-Onone";
			};
			name = Debug;
		};
		2BD990CF1D9123DE00C24899 /* Release */ = {
			isa = XCBuildConfiguration;
			buildSettings = {
				ALWAYS_SEARCH_USER_PATHS = NO;
				CLANG_ANALYZER_NONNULL = YES;
				CLANG_CXX_LANGUAGE_STANDARD = "gnu++0x";
				CLANG_CXX_LIBRARY = "libc++";
				CLANG_ENABLE_MODULES = YES;
				CLANG_ENABLE_OBJC_ARC = YES;
				CLANG_WARN_BOOL_CONVERSION = YES;
				CLANG_WARN_CONSTANT_CONVERSION = YES;
				CLANG_WARN_DIRECT_OBJC_ISA_USAGE = YES_ERROR;
				CLANG_WARN_DOCUMENTATION_COMMENTS = YES;
				CLANG_WARN_EMPTY_BODY = YES;
				CLANG_WARN_ENUM_CONVERSION = YES;
				CLANG_WARN_INFINITE_RECURSION = YES;
				CLANG_WARN_INT_CONVERSION = YES;
				CLANG_WARN_OBJC_ROOT_CLASS = YES_ERROR;
				CLANG_WARN_SUSPICIOUS_MOVES = YES;
				CLANG_WARN_UNREACHABLE_CODE = YES;
				CLANG_WARN__DUPLICATE_METHOD_MATCH = YES;
				"CODE_SIGN_IDENTITY[sdk=iphoneos*]" = "iPhone Developer";
				COPY_PHASE_STRIP = NO;
				DEBUG_INFORMATION_FORMAT = "dwarf-with-dsym";
				ENABLE_NS_ASSERTIONS = NO;
				ENABLE_STRICT_OBJC_MSGSEND = YES;
				GCC_C_LANGUAGE_STANDARD = gnu99;
				GCC_NO_COMMON_BLOCKS = YES;
				GCC_WARN_64_TO_32_BIT_CONVERSION = YES;
				GCC_WARN_ABOUT_RETURN_TYPE = YES_ERROR;
				GCC_WARN_UNDECLARED_SELECTOR = YES;
				GCC_WARN_UNINITIALIZED_AUTOS = YES_AGGRESSIVE;
				GCC_WARN_UNUSED_FUNCTION = YES;
				GCC_WARN_UNUSED_VARIABLE = YES;
				IPHONEOS_DEPLOYMENT_TARGET = 10.0;
				MTL_ENABLE_DEBUG_INFO = NO;
				SDKROOT = iphoneos;
				SWIFT_OPTIMIZATION_LEVEL = "-Owholemodule";
				VALIDATE_PRODUCT = YES;
			};
			name = Release;
		};
		2BD990D11D9123DE00C24899 /* Debug */ = {
			isa = XCBuildConfiguration;
			buildSettings = {
				ASSETCATALOG_COMPILER_APPICON_NAME = AppIcon;
				INFOPLIST_FILE = "My Shopping List/Info.plist";
				LD_RUNPATH_SEARCH_PATHS = "$(inherited) @executable_path/Frameworks";
				PRODUCT_BUNDLE_IDENTIFIER = "com.example.My-Shopping-List";
				PRODUCT_NAME = "$(TARGET_NAME)";
				SWIFT_VERSION = 3.0;
			};
			name = Debug;
		};
		2BD990D21D9123DE00C24899 /* Release */ = {
			isa = XCBuildConfiguration;
			buildSettings = {
				ASSETCATALOG_COMPILER_APPICON_NAME = AppIcon;
				INFOPLIST_FILE = "My Shopping List/Info.plist";
				LD_RUNPATH_SEARCH_PATHS = "$(inherited) @executable_path/Frameworks";
				PRODUCT_BUNDLE_IDENTIFIER = "com.example.My-Shopping-List";
				PRODUCT_NAME = "$(TARGET_NAME)";
				SWIFT_VERSION = 3.0;
			};
			name = Release;
		};
/* End XCBuildConfiguration section */

/* Begin XCConfigurationList section */
		2BD990B91D9123DE00C24899 /* Build configuration list for PBXProject "My Shopping List" */ = {
			isa = XCConfigurationList;
			buildConfigurations = (
				2BD990CE1D9123DE00C24899 /* Debug */,
				2BD990CF1D9123DE00C24899 /* Release */,
			);
			defaultConfigurationIsVisible = 0;
			defaultConfigurationName = Release;
		};
		2BD990D01D9123DE00C24899 /* Build configuration list for PBXNativeTarget "My Shopping List" */ = {
			isa = XCConfigurationList;
			buildConfigurations = (
				2BD990D11D9123DE00C24899 /* Debug */,
				2BD990D21D9123DE00C24899 /* Release */,
			);
			defaultConfigurationIsVisible = 0;
			defaultConfigurationName = Release;
		};
/* End XCConfigurationList section */
	};
	rootObject = 2BD990B61D9123DE00C24899 /* Project object */;
}
